
Microsoft Visual Studio Solution File, Format Version 12.00
# Visual Studio Version 17
VisualStudioVersion = 17.4.33403.182
MinimumVisualStudioVersion = 10.0.40219.1
Project("{FAE04EC0-301F-11D3-BF4B-00C04F79EFBC}") = "PatientConsole", "PatientConsole.csproj", "{5957992F-8EEF-47B1-A4D9-109153E43AA5}"
EndProject
Global
	GlobalSection(SolutionConfigurationPlatforms) = preSolution
		Debug|Any CPU = Debug|Any CPU
		Release|Any CPU = Release|Any CPU
	EndGlobalSection
	GlobalSection(ProjectConfigurationPlatforms) = postSolution
		{5957992F-8EEF-47B1-A4D9-109153E43AA5}.Debug|Any CPU.ActiveCfg = Debug|Any CPU
		{5957992F-8EEF-47B1-A4D9-109153E43AA5}.Debug|Any CPU.Build.0 = Debug|Any CPU
		{5957992F-8EEF-47B1-A4D9-109153E43AA5}.Release|Any CPU.ActiveCfg = Release|Any CPU
		{5957992F-8EEF-47B1-A4D9-109153E43AA5}.Release|Any CPU.Build.0 = Release|Any CPU
	EndGlobalSection
	GlobalSection(SolutionProperties) = preSolution
		HideSolutionNode = FALSE
	EndGlobalSection
	GlobalSection(ExtensibilityGlobals) = postSolution
		SolutionGuid = {CC152DBF-8A29-4367-AABE-15EEE3833B3D}
	EndGlobalSection
EndGlobal
